
Microsoft Visual Studio Solution File, Format Version 12.00
# Visual Studio Version 17
VisualStudioVersion = 17.2.32526.322
MinimumVisualStudioVersion = 10.0.40219.1
Project("{888888A0-9F3D-457C-B088-3A5042F75D52}") = "Pong", "Pong\Pong.pyproj", "{2CE331DE-3C3B-41C9-A2CE-D4AEE7EB19B8}"
EndProject
Global
	GlobalSection(SolutionConfigurationPlatforms) = preSolution
		Debug|Any CPU = Debug|Any CPU
		Release|Any CPU = Release|Any CPU
	EndGlobalSection
	GlobalSection(ProjectConfigurationPlatforms) = postSolution
		{2CE331DE-3C3B-41C9-A2CE-D4AEE7EB19B8}.Debug|Any CPU.ActiveCfg = Debug|Any CPU
		{2CE331DE-3C3B-41C9-A2CE-D4AEE7EB19B8}.Release|Any CPU.ActiveCfg = Release|Any CPU
	EndGlobalSection
	GlobalSection(SolutionProperties) = preSolution
		HideSolutionNode = FALSE
	EndGlobalSection
	GlobalSection(ExtensibilityGlobals) = postSolution
		SolutionGuid = {E32806A2-1D18-41F9-A1E5-C9A74E98DF6E}
	EndGlobalSection
EndGlobal
